
Microsoft Visual Studio Solution File, Format Version 12.00
# Visual Studio Version 17
VisualStudioVersion = 17.11.35327.3
MinimumVisualStudioVersion = 10.0.40219.1
Project("{FAE04EC0-301F-11D3-BF4B-00C04F79EFBC}") = "EntityFrameworkSamples", "EntityFrameworkSamples\EntityFrameworkSamples.csproj", "{76F36661-A8A3-4437-A9D2-3539DB4DF055}"
EndProject
Global
	GlobalSection(SolutionConfigurationPlatforms) = preSolution
		Debug|Any CPU = Debug|Any CPU
		Release|Any CPU = Release|Any CPU
	EndGlobalSection
	GlobalSection(ProjectConfigurationPlatforms) = postSolution
		{76F36661-A8A3-4437-A9D2-3539DB4DF055}.Debug|Any CPU.ActiveCfg = Debug|Any CPU
		{76F36661-A8A3-4437-A9D2-3539DB4DF055}.Debug|Any CPU.Build.0 = Debug|Any CPU
		{76F36661-A8A3-4437-A9D2-3539DB4DF055}.Release|Any CPU.ActiveCfg = Release|Any CPU
		{76F36661-A8A3-4437-A9D2-3539DB4DF055}.Release|Any CPU.Build.0 = Release|Any CPU
	EndGlobalSection
	GlobalSection(SolutionProperties) = preSolution
		HideSolutionNode = FALSE
	EndGlobalSection
	GlobalSection(ExtensibilityGlobals) = postSolution
		SolutionGuid = {4338E5B1-9382-4E12-AF43-4EECDB7857DD}
	EndGlobalSection
EndGlobal
